<?xml version="1.0" encoding="utf-8"?>
<Project ToolsVersion="4.0" xmlns="http://schemas.microsoft.com/developer/msbuild/2003">
  <ItemGroup>
    <Filter Include="Arquivos de Recurso">
      <UniqueIdentifier>{67DA6AB6-F800-4c08-8B7A-83BB121AAD01}</UniqueIdentifier>
      <Extensions>rc;ico;cur;bmp;dlg;rc2;rct;bin;rgs;gif;jpg;jpeg;jpe;resx;tiff;tif;png;wav;mfcribbon-ms</Extensions>
    </Filter>
    <Filter Include="src">
      <UniqueIdentifier>{17e475da-06a8-4c1b-adcd-6f2762e413aa}</UniqueIdentifier>
    </Filter>
    <Filter Include="src\Arquivos de Origem">
      <UniqueIdentifier>{4FC737F1-C7A5-4376-A066-2A32D752A2FF}</UniqueIdentifier>
      <Extensions>cpp;c;cc;cxx;c++;cppm;ixx;def;odl;idl;hpj;bat;asm;asmx</Extensions>
    </Filter>
    <Filter Include="src\Arquivos de Cabeçalho">
      <UniqueIdentifier>{93995380-89BD-4b04-88EB-625FBE52EBFB}</UniqueIdentifier>
      <Extensions>h;hh;hpp;hxx;h++;hm;inl;inc;ipp;xsd</Extensions>
    </Filter>
    <Filter Include="tests">
      <UniqueIdentifier>{e124f1f0-ccab-4bda-960b-38f68aa59575}</UniqueIdentifier>
    </Filter>
  </ItemGroup>
  <ItemGroup>
    <ClInclude Include="Lance.hpp">
      <Filter>src\Arquivos de Cabeçalho</Filter>
    </ClInclude>
    <ClInclude Include="Leilao.hpp">
      <Filter>src\Arquivos de Cabeçalho</Filter>
    </ClInclude>
    <ClInclude Include="Usuario.hpp">
      <Filter>src\Arquivos de Cabeçalho</Filter>
    </ClInclude>
    <ClInclude Include="Avaliador.hpp">
      <Filter>src\Arquivos de Cabeçalho</Filter>
    </ClInclude>
    <ClInclude Include="resource.h">
      <Filter>src\Arquivos de Cabeçalho</Filter>
    </ClInclude>
  </ItemGroup>
  <ItemGroup>
    <ClCompile Include="Lance.cpp">
      <Filter>src\Arquivos de Origem</Filter>
    </ClCompile>
    <ClCompile Include="Leilao.cpp">
      <Filter>src\Arquivos de Origem</Filter>
    </ClCompile>
    <ClCompile Include="Usuario.cpp">
      <Filter>src\Arquivos de Origem</Filter>
    </ClCompile>
    <ClCompile Include="Avaliador.cpp">
      <Filter>src\Arquivos de Origem</Filter>
    </ClCompile>
    <ClCompile Include="teste-avaliador.cpp">
      <Filter>tests</Filter>
    </ClCompile>
  </ItemGroup>
  <ItemGroup>
    <ResourceCompile Include="Leilao.rc">
      <Filter>Arquivos de Recurso</Filter>
    </ResourceCompile>
  </ItemGroup>
</Project>